PODS:
  - Mixin (0.1.2)
  - Nimble (8.0.9)
  - Quick (2.2.0)

DEPENDENCIES:
  - Mixin (from `../`)
  - Nimble
  - Quick

SPEC REPOS:
  trunk:
    - Nimble
    - Quick

EXTERNAL SOURCES:
  Mixin:
    :path: "../"

SPEC CHECKSUMS:
  Mixin: 59006a55a1b672f4c9d1807e8ea9516921e66fa4
  Nimble: 98b888285a615fd34f20e61753cf58ea1402bde4
  Quick: 7fb19e13be07b5dfb3b90d4f9824c855a11af40e

PODFILE CHECKSUM: 96df5aca5504e261e5d6d9b36ac0ec928428707f

COCOAPODS: 1.8.3
